{
  "name": "nodejs",
  "version": "0.0.0",
  "lockfileVersion": 2,
  "requires": true,
  "packages": {
    "": {
      "name": "nodejs",
      "version": "0.0.0",
      "license": "MIT",
      "dependencies": {
        "@types/node": "^17.0.18"
      },
      "devDependencies": {
        "@napi-rs/cli": "^2.4.2"
      },
      "engines": {
        "node": ">= 10"
      }
    },
    "node_modules/@napi-rs/cli": {
      "version": "2.4.4",
      "resolved": "https://registry.npmjs.org/@napi-rs/cli/-/cli-2.4.4.tgz",
      "integrity": "sha512-f+tvwCv1ka24dBqI2DgBhR7Oxl3DKHOp4onxLXwyBFt6iCADnr3YZIr1/2Iq5r3uqxFgaf01bfPsRQZPkEp0kQ==",
      "dev": true,
      "bin": {
        "napi": "scripts/index.js"
      },
      "engines": {
        "node": ">= 10"
      },
      "funding": {
        "type": "github",
        "url": "https://github.com/sponsors/Brooooooklyn"
      }
    },
    "node_modules/@types/node": {
      "version": "17.0.18",
      "resolved": "https://registry.npmjs.org/@types/node/-/node-17.0.18.tgz",
      "integrity": "sha512-eKj4f/BsN/qcculZiRSujogjvp5O/k4lOW5m35NopjZM/QwLOR075a8pJW5hD+Rtdm2DaCVPENS6KtSQnUD6BA=="
    }
  },
  "dependencies": {
    "@napi-rs/cli": {
      "version": "2.4.4",
      "resolved": "https://registry.npmjs.org/@napi-rs/cli/-/cli-2.4.4.tgz",
      "integrity": "sha512-f+tvwCv1ka24dBqI2DgBhR7Oxl3DKHOp4onxLXwyBFt6iCADnr3YZIr1/2Iq5r3uqxFgaf01bfPsRQZPkEp0kQ==",
      "dev": true
    },
    "@types/node": {
      "version": "17.0.18",
      "resolved": "https://registry.npmjs.org/@types/node/-/node-17.0.18.tgz",
      "integrity": "sha512-eKj4f/BsN/qcculZiRSujogjvp5O/k4lOW5m35NopjZM/QwLOR075a8pJW5hD+Rtdm2DaCVPENS6KtSQnUD6BA=="
    }
  }
}
