# @generated by Move, please check-in and do not edit manually.

[move]
version = 0
manifest_digest = "76F60CE48787CB754F6A10443A5C5FFA5E4C07364A3E6CAEDECFA81065621CEE"
deps_digest = "3C4103934B1E040BB6B23F1D610B4EF9F2F1166A50A104EADCF77467C004C600"

dependencies = [
  { name = "MoveStdlib" },
  { name = "Sui" },
]

[[move.package]]
name = "MoveStdlib"
source = { git = "https://github.com/iotaledger/kinesis.git", rev = "7899dc9ce682c3d0a97f249ce7eaa27b9473b920", subdir = "crates/sui-framework/packages/move-stdlib" }

[[move.package]]
name = "Sui"
source = { git = "https://github.com/iotaledger/kinesis.git", rev = "7899dc9ce682c3d0a97f249ce7eaa27b9473b920", subdir = "crates/sui-framework/packages/sui-framework" }

dependencies = [
  { name = "MoveStdlib" },
]

[move.toolchain-version]
compiler-version = "1.24.0"
edition = "2024.beta"
flavor = "sui"
