# @generated by Move, please check-in and do not edit manually.

[move]
version = 0
manifest_digest = "5D20B4D5C9D91B3D962F447225225C662ADD77CA8DB9994269E198B802862C93"
deps_digest = "3C4103934B1E040BB6B23F1D610B4EF9F2F1166A50A104EADCF77467C004C600"

dependencies = [
  { name = "MoveStdlib" },
  { name = "Sui" },
]

[[move.package]]
name = "MoveStdlib"
source = { git = "https://github.com/iotaledger/kinesis.git", rev = "7899dc9ce682c3d0a97f249ce7eaa27b9473b920", subdir = "crates/sui-framework/packages/move-stdlib" }

[[move.package]]
name = "Sui"
source = { git = "https://github.com/iotaledger/kinesis.git", rev = "7899dc9ce682c3d0a97f249ce7eaa27b9473b920", subdir = "crates/sui-framework/packages/sui-framework" }

dependencies = [
  { name = "MoveStdlib" },
]

[move.toolchain-version]
compiler-version = "1.22.0"
edition = "legacy"
flavor = "sui"
