# @generated by Move, please check-in and do not edit manually.

[move]
version = 2
manifest_digest = "27C2591D464A6C0E5FB92A066BADCF3C330B3ABA05305B5AE0C5F2EE7659E7FC"
deps_digest = "060AD7E57DFB13104F21BE5F5C3759D03F0553FC3229247D9A7A6B45F50D03A3"
dependencies = [
  { name = "Iota" },
  { name = "MoveStdlib" },
  { name = "Stardust" },
]

[[move.package]]
name = "Iota"
source = { git = "https://github.com/iotaledger/iota.git", rev = "45df8ac5533251237ce34f7c6e5cbc099805895e", subdir = "crates/iota-framework/packages/iota-framework" }

dependencies = [
  { name = "MoveStdlib" },
]

[[move.package]]
name = "MoveStdlib"
source = { git = "https://github.com/iotaledger/iota.git", rev = "45df8ac5533251237ce34f7c6e5cbc099805895e", subdir = "crates/iota-framework/packages/move-stdlib" }

[[move.package]]
name = "Stardust"
source = { git = "https://github.com/iotaledger/iota.git", rev = "45df8ac5533251237ce34f7c6e5cbc099805895e", subdir = "crates/iota-framework/packages/stardust" }

dependencies = [
  { name = "Iota" },
  { name = "MoveStdlib" },
]

[move.toolchain-version]
compiler-version = "0.9.2-rc"
edition = "2024.beta"
flavor = "iota"

[env]

[env.testnet]
chain-id = "2304aa97"
original-published-id = "0x222741bbdff74b42df48a7b4733185e9b24becb8ccfbafe8eac864ab4e4cc555"
latest-published-id = "0x222741bbdff74b42df48a7b4733185e9b24becb8ccfbafe8eac864ab4e4cc555"
published-version = "1"

[env.devnet]
chain-id = "e678123a"
original-published-id = "0x03242ae6b87406bd0eb5d669fbe874ed4003694c0be9c6a9ee7c315e6461a553"
latest-published-id = "0x03242ae6b87406bd0eb5d669fbe874ed4003694c0be9c6a9ee7c315e6461a553"
published-version = "1"

[env.localnet]
chain-id = "e060d4a9"
original-published-id = "0x574f5ec6c392dbb835dfe640a6ec1f623e53c735929debae17f847eee44ed0a5"
latest-published-id = "0x574f5ec6c392dbb835dfe640a6ec1f623e53c735929debae17f847eee44ed0a5"
published-version = "1"
