# @generated by Move, please check-in and do not edit manually.

[move]
version = 3
manifest_digest = "DD7923F96DC7B66EAD8117E8FA3CE6D0BE0C45B82C4B4D9BBC6621EC61423432"
deps_digest = "060AD7E57DFB13104F21BE5F5C3759D03F0553FC3229247D9A7A6B45F50D03A3"
dependencies = [
  { id = "Iota", name = "Iota" },
  { id = "MoveStdlib", name = "MoveStdlib" },
  { id = "Stardust", name = "Stardust" },
]

[[move.package]]
id = "Iota"
source = { git = "https://github.com/iotaledger/iota.git", rev = "7e49c58b826b34c8e2b61842ef13c8de35a0aee8", subdir = "crates/iota-framework/packages/iota-framework" }

dependencies = [
  { id = "MoveStdlib", name = "MoveStdlib" },
]

[[move.package]]
id = "MoveStdlib"
source = { git = "https://github.com/iotaledger/iota.git", rev = "7e49c58b826b34c8e2b61842ef13c8de35a0aee8", subdir = "crates/iota-framework/packages/move-stdlib" }

[[move.package]]
id = "Stardust"
source = { git = "https://github.com/iotaledger/iota.git", rev = "7e49c58b826b34c8e2b61842ef13c8de35a0aee8", subdir = "crates/iota-framework/packages/stardust" }

dependencies = [
  { id = "Iota", name = "Iota" },
  { id = "MoveStdlib", name = "MoveStdlib" },
]

[move.toolchain-version]
compiler-version = "1.0.0"
edition = "2024"
flavor = "iota"

[env]

[env.testnet]
chain-id = "2304aa97"
original-published-id = "0x222741bbdff74b42df48a7b4733185e9b24becb8ccfbafe8eac864ab4e4cc555"
latest-published-id = "0x3403da7ec4cd2ff9bdf6f34c0b8df5a2bd62c798089feb0d2ebf1c2e953296dc"
published-version = "2"

[env.devnet]
chain-id = "e678123a"
original-published-id = "0xe6fa03d273131066036f1d2d4c3d919b9abbca93910769f26a924c7a01811103"
latest-published-id = "0x6a976d3da90db5d27f8a0c13b3268a37e582b455cfc7bf72d6461f6e8f668823"
published-version = "2"

[env.localnet]
chain-id = "9b577f07"
original-published-id = "0xbad02818629ab7a4d6b9e2facb051305fc0952e7296e431a6aee8ae88b9b72c5"
latest-published-id = "0xbad02818629ab7a4d6b9e2facb051305fc0952e7296e431a6aee8ae88b9b72c5"
published-version = "1"

[env.mainnet]
chain-id = "6364aad5"
original-published-id = "0x84cf5d12de2f9731a89bb519bc0c982a941b319a33abefdd5ed2054ad931de08"
latest-published-id = "0x84cf5d12de2f9731a89bb519bc0c982a941b319a33abefdd5ed2054ad931de08"
published-version = "1"
