# @generated by Move, please check-in and do not edit manually.

[move]
version = 0
manifest_digest = "E6BB4962C1A24348D6FF4C219DB309C19201D4FAB6F42CB0B1D7D7C1E05769E7"
deps_digest = "060AD7E57DFB13104F21BE5F5C3759D03F0553FC3229247D9A7A6B45F50D03A3"

dependencies = [
  { name = "Iota" },
  { name = "MoveStdlib" },
  { name = "StardustTest" },
]

[[move.package]]
name = "Iota"
source = { git = "https://github.com/iotaledger/iota.git", rev = "develop", subdir = "crates/iota-framework/packages/iota-framework" }

dependencies = [
  { name = "MoveStdlib" },
]

[[move.package]]
name = "MoveStdlib"
source = { git = "https://github.com/iotaledger/iota.git", rev = "develop", subdir = "crates/iota-framework/packages/move-stdlib" }

[[move.package]]
name = "StardustTest"
source = { local = "../stardust-test" }

dependencies = [
  { name = "Iota" },
  { name = "MoveStdlib" },
]

[move.toolchain-version]
compiler-version = "1.22.0"
edition = "legacy"
flavor = "iota"
