# @generated by Move, please check-in and do not edit manually.

[move]
version = 0
manifest_digest = "074E59DE585EC1DC8A5252DBFB83A9505160E22B3A46DB9A4A43698C6A5A8818"
deps_digest = "060AD7E57DFB13104F21BE5F5C3759D03F0553FC3229247D9A7A6B45F50D03A3"

dependencies = [
  { name = "MoveStdlib" },
  { name = "StardustTest" },
  { name = "Sui" },
]

[[move.package]]
name = "MoveStdlib"
source = { git = "https://github.com/iotaledger/kinesis.git", rev = "7899dc9ce682c3d0a97f249ce7eaa27b9473b920", subdir = "crates/sui-framework/packages/move-stdlib" }

[[move.package]]
name = "StardustTest"
source = { local = "../stardust-test" }

dependencies = [
  { name = "MoveStdlib" },
  { name = "Sui" },
]

[[move.package]]
name = "Sui"
source = { git = "https://github.com/iotaledger/kinesis.git", rev = "7899dc9ce682c3d0a97f249ce7eaa27b9473b920", subdir = "crates/sui-framework/packages/sui-framework" }

dependencies = [
  { name = "MoveStdlib" },
]

[move.toolchain-version]
compiler-version = "1.22.0"
edition = "legacy"
flavor = "sui"
