# @generated by Move, please check-in and do not edit manually.

[move]
version = 0
manifest_digest = "DB1956C7338F8050349161F9AAC9DCEE1F06B7E0ACF8C628F1D86B17E0AD6FDD"
deps_digest = "060AD7E57DFB13104F21BE5F5C3759D03F0553FC3229247D9A7A6B45F50D03A3"

dependencies = [
  { name = "Iota" },
  { name = "MoveStdlib" },
  { name = "StardustTest" },
]

[[move.package]]
name = "Iota"
source = { git = "https://github.com/iotaledger/iota.git", rev = "ead968e573d8feaa1aa78dddadb8b18a8a99870d", subdir = "crates/iota-framework/packages/iota-framework" }

dependencies = [
  { name = "MoveStdlib" },
]

[[move.package]]
name = "MoveStdlib"
source = { git = "https://github.com/iotaledger/iota.git", rev = "ead968e573d8feaa1aa78dddadb8b18a8a99870d", subdir = "crates/iota-framework/packages/move-stdlib" }

[[move.package]]
name = "StardustTest"
source = { local = "../stardust-test" }

dependencies = [
  { name = "Iota" },
  { name = "MoveStdlib" },
]

[move.toolchain-version]
compiler-version = "1.22.0"
edition = "legacy"
flavor = "iota"
